
Microsoft Visual Studio Solution File, Format Version 12.00
# Visual Studio Version 16
VisualStudioVersion = 25.0.1700.0
MinimumVisualStudioVersion = 10.0.40219.1
Project("{2150E333-8FDC-42A3-9474-1A3956D46DE8}") = "ProjectBank", "ProjectBank", "{6F2366CB-FCA2-4413-BD4B-9DACB7149E93}"
EndProject
Project("{FAE04EC0-301F-11D3-BF4B-00C04F79EFBC}") = "ProjectBank.Server", "ProjectBank\Server\ProjectBank.Server.csproj", "{7A310362-F82F-437E-827B-E783EE2AA7C2}"
EndProject
Project("{FAE04EC0-301F-11D3-BF4B-00C04F79EFBC}") = "ProjectBank.Client", "ProjectBank\Client\ProjectBank.Client.csproj", "{D5354FD7-85E6-412C-9527-ABB734306A2F}"
EndProject
Project("{FAE04EC0-301F-11D3-BF4B-00C04F79EFBC}") = "ProjectBank.Core", "ProjectBank\Core\ProjectBank.Core.csproj", "{4C3D012E-8A68-41B3-9CF6-9BD11ECE72D7}"
EndProject
Project("{FAE04EC0-301F-11D3-BF4B-00C04F79EFBC}") = "ProjectBank.Infrastructure", "ProjectBank\Infrastructure\ProjectBank.Infrastructure.csproj", "{15188BFD-07EF-4F4F-BEFC-3A2967345B50}"
EndProject
Project("{FAE04EC0-301F-11D3-BF4B-00C04F79EFBC}") = "ProjectBank.Shared", "ProjectBank\Shared\ProjectBank.Shared.csproj", "{B665BD1D-81A1-424C-8448-A1A64C223891}"
EndProject
Project("{FAE04EC0-301F-11D3-BF4B-00C04F79EFBC}") = "ProjectBank.Infrastructure.Tests", "ProjectBank\Infrastructure.Tests\ProjectBank.Infrastructure.Tests.csproj", "{1150BE3D-0B12-4604-AE98-AB389FDBFF9A}"
EndProject
Global
	GlobalSection(SolutionConfigurationPlatforms) = preSolution
		Debug|Any CPU = Debug|Any CPU
		Release|Any CPU = Release|Any CPU
	EndGlobalSection
	GlobalSection(ProjectConfigurationPlatforms) = postSolution
		{7A310362-F82F-437E-827B-E783EE2AA7C2}.Debug|Any CPU.ActiveCfg = Debug|Any CPU
		{7A310362-F82F-437E-827B-E783EE2AA7C2}.Debug|Any CPU.Build.0 = Debug|Any CPU
		{7A310362-F82F-437E-827B-E783EE2AA7C2}.Release|Any CPU.ActiveCfg = Release|Any CPU
		{7A310362-F82F-437E-827B-E783EE2AA7C2}.Release|Any CPU.Build.0 = Release|Any CPU
		{D5354FD7-85E6-412C-9527-ABB734306A2F}.Debug|Any CPU.ActiveCfg = Debug|Any CPU
		{D5354FD7-85E6-412C-9527-ABB734306A2F}.Debug|Any CPU.Build.0 = Debug|Any CPU
		{D5354FD7-85E6-412C-9527-ABB734306A2F}.Release|Any CPU.ActiveCfg = Release|Any CPU
		{D5354FD7-85E6-412C-9527-ABB734306A2F}.Release|Any CPU.Build.0 = Release|Any CPU
		{4C3D012E-8A68-41B3-9CF6-9BD11ECE72D7}.Debug|Any CPU.ActiveCfg = Debug|Any CPU
		{4C3D012E-8A68-41B3-9CF6-9BD11ECE72D7}.Debug|Any CPU.Build.0 = Debug|Any CPU
		{4C3D012E-8A68-41B3-9CF6-9BD11ECE72D7}.Release|Any CPU.ActiveCfg = Release|Any CPU
		{4C3D012E-8A68-41B3-9CF6-9BD11ECE72D7}.Release|Any CPU.Build.0 = Release|Any CPU
		{15188BFD-07EF-4F4F-BEFC-3A2967345B50}.Debug|Any CPU.ActiveCfg = Debug|Any CPU
		{15188BFD-07EF-4F4F-BEFC-3A2967345B50}.Debug|Any CPU.Build.0 = Debug|Any CPU
		{15188BFD-07EF-4F4F-BEFC-3A2967345B50}.Release|Any CPU.ActiveCfg = Release|Any CPU
		{15188BFD-07EF-4F4F-BEFC-3A2967345B50}.Release|Any CPU.Build.0 = Release|Any CPU
		{B665BD1D-81A1-424C-8448-A1A64C223891}.Debug|Any CPU.ActiveCfg = Debug|Any CPU
		{B665BD1D-81A1-424C-8448-A1A64C223891}.Debug|Any CPU.Build.0 = Debug|Any CPU
		{B665BD1D-81A1-424C-8448-A1A64C223891}.Release|Any CPU.ActiveCfg = Release|Any CPU
		{B665BD1D-81A1-424C-8448-A1A64C223891}.Release|Any CPU.Build.0 = Release|Any CPU
		{1150BE3D-0B12-4604-AE98-AB389FDBFF9A}.Debug|Any CPU.ActiveCfg = Debug|Any CPU
		{1150BE3D-0B12-4604-AE98-AB389FDBFF9A}.Debug|Any CPU.Build.0 = Debug|Any CPU
		{1150BE3D-0B12-4604-AE98-AB389FDBFF9A}.Release|Any CPU.ActiveCfg = Release|Any CPU
		{1150BE3D-0B12-4604-AE98-AB389FDBFF9A}.Release|Any CPU.Build.0 = Release|Any CPU
	EndGlobalSection
	GlobalSection(SolutionProperties) = preSolution
		HideSolutionNode = FALSE
	EndGlobalSection
	GlobalSection(ExtensibilityGlobals) = postSolution
		SolutionGuid = {1CD811B3-B952-4D2C-8F7A-BDA8E176D655}
	EndGlobalSection
	GlobalSection(NestedProjects) = preSolution
		{7A310362-F82F-437E-827B-E783EE2AA7C2} = {6F2366CB-FCA2-4413-BD4B-9DACB7149E93}
		{D5354FD7-85E6-412C-9527-ABB734306A2F} = {6F2366CB-FCA2-4413-BD4B-9DACB7149E93}
		{4C3D012E-8A68-41B3-9CF6-9BD11ECE72D7} = {6F2366CB-FCA2-4413-BD4B-9DACB7149E93}
		{15188BFD-07EF-4F4F-BEFC-3A2967345B50} = {6F2366CB-FCA2-4413-BD4B-9DACB7149E93}
		{B665BD1D-81A1-424C-8448-A1A64C223891} = {6F2366CB-FCA2-4413-BD4B-9DACB7149E93}
		{1150BE3D-0B12-4604-AE98-AB389FDBFF9A} = {6F2366CB-FCA2-4413-BD4B-9DACB7149E93}
	EndGlobalSection
EndGlobal
