
Microsoft Visual Studio Solution File, Format Version 12.00
# Visual Studio Version 16
VisualStudioVersion = 25.0.1700.0
MinimumVisualStudioVersion = 10.0.40219.1
Project("{FAE04EC0-301F-11D3-BF4B-00C04F79EFBC}") = "ProjectBank.Server", "ProjectBank.Server\ProjectBank.Server.csproj", "{2F47A6DD-9CBE-48EF-B133-02C7F6AA3A82}"
EndProject
Project("{FAE04EC0-301F-11D3-BF4B-00C04F79EFBC}") = "ProjectBank.Client", "ProjectBank.Client\ProjectBank.Client.csproj", "{0910C888-C1CF-40CC-B39F-BD1F27FB4995}"
EndProject
Project("{FAE04EC0-301F-11D3-BF4B-00C04F79EFBC}") = "ProjectBank.Shared", "ProjectBank.Shared\ProjectBank.Shared.csproj", "{8B666855-CBBE-4862-A488-CCEDD1442F0B}"
EndProject
Project("{FAE04EC0-301F-11D3-BF4B-00C04F79EFBC}") = "ProjectBank.Core", "ProjectBank.Core\ProjectBank.Core.csproj", "{1B236C4E-5939-466C-BDA1-13FE0B70D9E6}"
EndProject
Project("{FAE04EC0-301F-11D3-BF4B-00C04F79EFBC}") = "ProjectBank.Infrastructure", "ProjectBank.Infrastructure\ProjectBank.Infrastructure.csproj", "{BD0EB1FD-CD02-488A-AA9E-15610B9FDDA0}"
EndProject
Global
	GlobalSection(SolutionConfigurationPlatforms) = preSolution
		Debug|Any CPU = Debug|Any CPU
		Release|Any CPU = Release|Any CPU
	EndGlobalSection
	GlobalSection(ProjectConfigurationPlatforms) = postSolution
		{2F47A6DD-9CBE-48EF-B133-02C7F6AA3A82}.Debug|Any CPU.ActiveCfg = Debug|Any CPU
		{2F47A6DD-9CBE-48EF-B133-02C7F6AA3A82}.Debug|Any CPU.Build.0 = Debug|Any CPU
		{2F47A6DD-9CBE-48EF-B133-02C7F6AA3A82}.Release|Any CPU.ActiveCfg = Release|Any CPU
		{2F47A6DD-9CBE-48EF-B133-02C7F6AA3A82}.Release|Any CPU.Build.0 = Release|Any CPU
		{0910C888-C1CF-40CC-B39F-BD1F27FB4995}.Debug|Any CPU.ActiveCfg = Debug|Any CPU
		{0910C888-C1CF-40CC-B39F-BD1F27FB4995}.Debug|Any CPU.Build.0 = Debug|Any CPU
		{0910C888-C1CF-40CC-B39F-BD1F27FB4995}.Release|Any CPU.ActiveCfg = Release|Any CPU
		{0910C888-C1CF-40CC-B39F-BD1F27FB4995}.Release|Any CPU.Build.0 = Release|Any CPU
		{8B666855-CBBE-4862-A488-CCEDD1442F0B}.Debug|Any CPU.ActiveCfg = Debug|Any CPU
		{8B666855-CBBE-4862-A488-CCEDD1442F0B}.Debug|Any CPU.Build.0 = Debug|Any CPU
		{8B666855-CBBE-4862-A488-CCEDD1442F0B}.Release|Any CPU.ActiveCfg = Release|Any CPU
		{8B666855-CBBE-4862-A488-CCEDD1442F0B}.Release|Any CPU.Build.0 = Release|Any CPU
		{1B236C4E-5939-466C-BDA1-13FE0B70D9E6}.Debug|Any CPU.ActiveCfg = Debug|Any CPU
		{1B236C4E-5939-466C-BDA1-13FE0B70D9E6}.Debug|Any CPU.Build.0 = Debug|Any CPU
		{1B236C4E-5939-466C-BDA1-13FE0B70D9E6}.Release|Any CPU.ActiveCfg = Release|Any CPU
		{1B236C4E-5939-466C-BDA1-13FE0B70D9E6}.Release|Any CPU.Build.0 = Release|Any CPU
		{BD0EB1FD-CD02-488A-AA9E-15610B9FDDA0}.Debug|Any CPU.ActiveCfg = Debug|Any CPU
		{BD0EB1FD-CD02-488A-AA9E-15610B9FDDA0}.Debug|Any CPU.Build.0 = Debug|Any CPU
		{BD0EB1FD-CD02-488A-AA9E-15610B9FDDA0}.Release|Any CPU.ActiveCfg = Release|Any CPU
		{BD0EB1FD-CD02-488A-AA9E-15610B9FDDA0}.Release|Any CPU.Build.0 = Release|Any CPU
	EndGlobalSection
	GlobalSection(SolutionProperties) = preSolution
		HideSolutionNode = FALSE
	EndGlobalSection
	GlobalSection(ExtensibilityGlobals) = postSolution
		SolutionGuid = {1CD811B3-B952-4D2C-8F7A-BDA8E176D655}
	EndGlobalSection
	GlobalSection(NestedProjects) = preSolution
		{F4F38C41-FEB7-4D78-9ADD-2C3BB90EA0E7} = {2C6616A5-63F1-4AF3-A0E3-DE4B6F72AC5A}
	EndGlobalSection
EndGlobal
